
Microsoft Visual Studio Solution File, Format Version 12.00
# Visual Studio 14
VisualStudioVersion = 14.0.25420.1
MinimumVisualStudioVersion = 10.0.40219.1
Project("{FAE04EC0-301F-11D3-BF4B-00C04F79EFBC}") = "RoomReservation.WebApp", "RoomReservation.WebApp\RoomReservation.WebApp.csproj", "{11F3796A-E4BE-4676-AA5E-7A74A4440FC0}"
EndProject
Project("{FAE04EC0-301F-11D3-BF4B-00C04F79EFBC}") = "RoomReservation.Lib", "RoomReservation.Lib\RoomReservation.Lib.csproj", "{7FABC948-102D-4751-8D57-20297F355DCA}"
EndProject
Project("{FAE04EC0-301F-11D3-BF4B-00C04F79EFBC}") = "RoomReservation.Lib.Tests", "RoomReservation.Lib.UnitTests\RoomReservation.Lib.Tests.csproj", "{067456C0-086C-46A8-B37F-1405717B7BFC}"
EndProject
Project("{FAE04EC0-301F-11D3-BF4B-00C04F79EFBC}") = "RoomReservation.WebApp.UnitTests", "RoomReservation.WebApp.UnitTests\RoomReservation.WebApp.UnitTests.csproj", "{E838AA1A-2006-4513-ABFD-407F380DAA88}"
EndProject
Global
	GlobalSection(SolutionConfigurationPlatforms) = preSolution
		Debug|Any CPU = Debug|Any CPU
		Release|Any CPU = Release|Any CPU
	EndGlobalSection
	GlobalSection(ProjectConfigurationPlatforms) = postSolution
		{11F3796A-E4BE-4676-AA5E-7A74A4440FC0}.Debug|Any CPU.ActiveCfg = Debug|Any CPU
		{11F3796A-E4BE-4676-AA5E-7A74A4440FC0}.Debug|Any CPU.Build.0 = Debug|Any CPU
		{11F3796A-E4BE-4676-AA5E-7A74A4440FC0}.Release|Any CPU.ActiveCfg = Release|Any CPU
		{11F3796A-E4BE-4676-AA5E-7A74A4440FC0}.Release|Any CPU.Build.0 = Release|Any CPU
		{7FABC948-102D-4751-8D57-20297F355DCA}.Debug|Any CPU.ActiveCfg = Debug|Any CPU
		{7FABC948-102D-4751-8D57-20297F355DCA}.Debug|Any CPU.Build.0 = Debug|Any CPU
		{7FABC948-102D-4751-8D57-20297F355DCA}.Release|Any CPU.ActiveCfg = Release|Any CPU
		{7FABC948-102D-4751-8D57-20297F355DCA}.Release|Any CPU.Build.0 = Release|Any CPU
		{067456C0-086C-46A8-B37F-1405717B7BFC}.Debug|Any CPU.ActiveCfg = Debug|Any CPU
		{067456C0-086C-46A8-B37F-1405717B7BFC}.Debug|Any CPU.Build.0 = Debug|Any CPU
		{067456C0-086C-46A8-B37F-1405717B7BFC}.Release|Any CPU.ActiveCfg = Release|Any CPU
		{067456C0-086C-46A8-B37F-1405717B7BFC}.Release|Any CPU.Build.0 = Release|Any CPU
		{E838AA1A-2006-4513-ABFD-407F380DAA88}.Debug|Any CPU.ActiveCfg = Debug|Any CPU
		{E838AA1A-2006-4513-ABFD-407F380DAA88}.Debug|Any CPU.Build.0 = Debug|Any CPU
		{E838AA1A-2006-4513-ABFD-407F380DAA88}.Release|Any CPU.ActiveCfg = Release|Any CPU
		{E838AA1A-2006-4513-ABFD-407F380DAA88}.Release|Any CPU.Build.0 = Release|Any CPU
	EndGlobalSection
	GlobalSection(SolutionProperties) = preSolution
		HideSolutionNode = FALSE
	EndGlobalSection
EndGlobal
